<?xml version="1.0" encoding="utf-8"?>
<Project ToolsVersion="4.0" xmlns="http://schemas.microsoft.com/developer/msbuild/2003">
  <ItemGroup>
    <Filter Include="MTE">
      <UniqueIdentifier>{8B05880B-F70E-887C-808A-9E7CEC92937C}</UniqueIdentifier>
    </Filter>
    <Filter Include="MTE\Events">
      <UniqueIdentifier>{0FA7E41E-FB5E-266C-6466-FFC7503DC15C}</UniqueIdentifier>
    </Filter>
    <Filter Include="MTE\ImGui">
      <UniqueIdentifier>{F5369FB3-61A1-532A-AADF-04D01689317F}</UniqueIdentifier>
    </Filter>
    <Filter Include="Platforms">
      <UniqueIdentifier>{DDACA145-4917-56BC-9255-0762FEFE3311}</UniqueIdentifier>
    </Filter>
    <Filter Include="Platforms\OpenGL">
      <UniqueIdentifier>{719BB998-5D94-D8EA-86C6-BD6F721EB8F6}</UniqueIdentifier>
    </Filter>
    <Filter Include="Platforms\Windows">
      <UniqueIdentifier>{17E40808-83FA-069E-CC71-92BF38C7D725}</UniqueIdentifier>
    </Filter>
  </ItemGroup>
  <ItemGroup>
    <ClInclude Include="src\MTE.h" />
    <ClInclude Include="src\MTE\Application.h">
      <Filter>MTE</Filter>
    </ClInclude>
    <ClInclude Include="src\MTE\Core.h">
      <Filter>MTE</Filter>
    </ClInclude>
    <ClInclude Include="src\MTE\EntryPoint.h">
      <Filter>MTE</Filter>
    </ClInclude>
    <ClInclude Include="src\MTE\Events\ApplicationEvent.h">
      <Filter>MTE\Events</Filter>
    </ClInclude>
    <ClInclude Include="src\MTE\Events\Event.h">
      <Filter>MTE\Events</Filter>
    </ClInclude>
    <ClInclude Include="src\MTE\Events\KeyEvent.h">
      <Filter>MTE\Events</Filter>
    </ClInclude>
    <ClInclude Include="src\MTE\Events\MouseEvent.h">
      <Filter>MTE\Events</Filter>
    </ClInclude>
    <ClInclude Include="src\MTE\ImGui\ImGuiLayer.h">
      <Filter>MTE\ImGui</Filter>
    </ClInclude>
    <ClInclude Include="src\MTE\Layer.h">
      <Filter>MTE</Filter>
    </ClInclude>
    <ClInclude Include="src\MTE\LayerStack.h">
      <Filter>MTE</Filter>
    </ClInclude>
    <ClInclude Include="src\MTE\Log.h">
      <Filter>MTE</Filter>
    </ClInclude>
    <ClInclude Include="src\MTE\Window.h">
      <Filter>MTE</Filter>
    </ClInclude>
    <ClInclude Include="src\Platforms\OpenGL\ImGuiOpenGLRenderer.h">
      <Filter>Platforms\OpenGL</Filter>
    </ClInclude>
    <ClInclude Include="src\Platforms\Windows\WindowsWindow.h">
      <Filter>Platforms\Windows</Filter>
    </ClInclude>
    <ClInclude Include="src\hzpch.h" />
  </ItemGroup>
  <ItemGroup>
    <ClCompile Include="src\MTE\Application.cpp">
      <Filter>MTE</Filter>
    </ClCompile>
    <ClCompile Include="src\MTE\ImGui\ImGuiLayer.cpp">
      <Filter>MTE\ImGui</Filter>
    </ClCompile>
    <ClCompile Include="src\MTE\Layer.cpp">
      <Filter>MTE</Filter>
    </ClCompile>
    <ClCompile Include="src\MTE\LayerStack.cpp">
      <Filter>MTE</Filter>
    </ClCompile>
    <ClCompile Include="src\MTE\Log.cpp">
      <Filter>MTE</Filter>
    </ClCompile>
    <ClCompile Include="src\Platforms\OpenGL\ImGuiOpenGLRenderer.cpp">
      <Filter>Platforms\OpenGL</Filter>
    </ClCompile>
    <ClCompile Include="src\Platforms\Windows\WindowsWindow.cpp">
      <Filter>Platforms\Windows</Filter>
    </ClCompile>
    <ClCompile Include="src\hzpch.cpp" />
  </ItemGroup>
</Project>